
Microsoft Visual Studio Solution File, Format Version 12.00
# Visual Studio 15
VisualStudioVersion = 15.0.27428.1
MinimumVisualStudioVersion = 10.0.40219.1
Project("{FAE04EC0-301F-11D3-BF4B-00C04F79EFBC}") = "BaseApp", "WindowsFormsApp2\BaseApp.csproj", "{372205BD-1B4A-4392-BAAC-D5E109010937}"
EndProject
Global
	GlobalSection(SolutionConfigurationPlatforms) = preSolution
		Debug|Any CPU = Debug|Any CPU
		Release|Any CPU = Release|Any CPU
	EndGlobalSection
	GlobalSection(ProjectConfigurationPlatforms) = postSolution
		{372205BD-1B4A-4392-BAAC-D5E109010937}.Debug|Any CPU.ActiveCfg = Debug|Any CPU
		{372205BD-1B4A-4392-BAAC-D5E109010937}.Debug|Any CPU.Build.0 = Debug|Any CPU
		{372205BD-1B4A-4392-BAAC-D5E109010937}.Release|Any CPU.ActiveCfg = Release|Any CPU
		{372205BD-1B4A-4392-BAAC-D5E109010937}.Release|Any CPU.Build.0 = Release|Any CPU
	EndGlobalSection
	GlobalSection(SolutionProperties) = preSolution
		HideSolutionNode = FALSE
	EndGlobalSection
	GlobalSection(ExtensibilityGlobals) = postSolution
		SolutionGuid = {7687AC10-A4D9-4C4F-A2A5-942E1DFAD94D}
	EndGlobalSection
EndGlobal
